
Microsoft Visual Studio Solution File, Format Version 12.00
# Visual Studio Version 16
VisualStudioVersion = 16.0.31129.286
MinimumVisualStudioVersion = 10.0.40219.1
Project("{FAE04EC0-301F-11D3-BF4B-00C04F79EFBC}") = "Enough is Enough", "Enough is Enough\Enough is Enough.csproj", "{8055A99D-6B8A-49F8-BAE0-C8DFEFB0A7D7}"
EndProject
Global
	GlobalSection(SolutionConfigurationPlatforms) = preSolution
		Debug|Any CPU = Debug|Any CPU
		Release|Any CPU = Release|Any CPU
	EndGlobalSection
	GlobalSection(ProjectConfigurationPlatforms) = postSolution
		{8055A99D-6B8A-49F8-BAE0-C8DFEFB0A7D7}.Debug|Any CPU.ActiveCfg = Debug|Any CPU
		{8055A99D-6B8A-49F8-BAE0-C8DFEFB0A7D7}.Debug|Any CPU.Build.0 = Debug|Any CPU
		{8055A99D-6B8A-49F8-BAE0-C8DFEFB0A7D7}.Release|Any CPU.ActiveCfg = Release|Any CPU
		{8055A99D-6B8A-49F8-BAE0-C8DFEFB0A7D7}.Release|Any CPU.Build.0 = Release|Any CPU
	EndGlobalSection
	GlobalSection(SolutionProperties) = preSolution
		HideSolutionNode = FALSE
	EndGlobalSection
	GlobalSection(ExtensibilityGlobals) = postSolution
		SolutionGuid = {596A27F1-22F9-4852-B683-55454479F7DD}
	EndGlobalSection
EndGlobal
